// !$*UTF8*$!
{
	archiveVersion = 1;
	classes = {
	};
	objectVersion = 56;
	objects = {

/* Begin PBXBuildFile section */
		E008092E29F496CB00B1399C /* SportsFinderApp.swift in Sources */ = {isa = PBXBuildFile; fileRef = E008092D29F496CB00B1399C /* SportsFinderApp.swift */; };
		E008093029F496CB00B1399C /* LoginView.swift in Sources */ = {isa = PBXBuildFile; fileRef = E008092F29F496CB00B1399C /* LoginView.swift */; };
		E008093229F496CD00B1399C /* Assets.xcassets in Resources */ = {isa = PBXBuildFile; fileRef = E008093129F496CD00B1399C /* Assets.xcassets */; };
		E008093529F496CD00B1399C /* Preview Assets.xcassets in Resources */ = {isa = PBXBuildFile; fileRef = E008093429F496CD00B1399C /* Preview Assets.xcassets */; };
		E008093C29F4973300B1399C /* GoogleService-Info.plist in Resources */ = {isa = PBXBuildFile; fileRef = E008093B29F4973300B1399C /* GoogleService-Info.plist */; };
		E008093F29F497C000B1399C /* FirebaseAuth in Frameworks */ = {isa = PBXBuildFile; productRef = E008093E29F497C000B1399C /* FirebaseAuth */; };
		E008094129F497C000B1399C /* FirebaseFirestore in Frameworks */ = {isa = PBXBuildFile; productRef = E008094029F497C000B1399C /* FirebaseFirestore */; };
		E008094329F497C000B1399C /* FirebaseFirestoreSwift in Frameworks */ = {isa = PBXBuildFile; productRef = E008094229F497C000B1399C /* FirebaseFirestoreSwift */; };
		E008094529F497C000B1399C /* FirebaseStorage in Frameworks */ = {isa = PBXBuildFile; productRef = E008094429F497C000B1399C /* FirebaseStorage */; };
		E008094729F4991900B1399C /* SportsListView.swift in Sources */ = {isa = PBXBuildFile; fileRef = E008094629F4991900B1399C /* SportsListView.swift */; };
		E008094929F4998100B1399C /* PostListView.swift in Sources */ = {isa = PBXBuildFile; fileRef = E008094829F4998100B1399C /* PostListView.swift */; };
		E008094B29F499A600B1399C /* NewPostView.swift in Sources */ = {isa = PBXBuildFile; fileRef = E008094A29F499A600B1399C /* NewPostView.swift */; };
		E008095329F49E4500B1399C /* Spot.swift in Sources */ = {isa = PBXBuildFile; fileRef = E008095229F49E4500B1399C /* Spot.swift */; };
		E008095529F4A45400B1399C /* Post.swift in Sources */ = {isa = PBXBuildFile; fileRef = E008095429F4A45400B1399C /* Post.swift */; };
		E008095729F4A4AA00B1399C /* PostViewModel.swift in Sources */ = {isa = PBXBuildFile; fileRef = E008095629F4A4AA00B1399C /* PostViewModel.swift */; };
		E008096829F780EC00B1399C /* DifficultyView.swift in Sources */ = {isa = PBXBuildFile; fileRef = E008096729F780EC00B1399C /* DifficultyView.swift */; };
		E008096A29F83CCE00B1399C /* PhotoScrollView.swift in Sources */ = {isa = PBXBuildFile; fileRef = E008096929F83CCE00B1399C /* PhotoScrollView.swift */; };
		E008096C29F83D0900B1399C /* Photo.swift in Sources */ = {isa = PBXBuildFile; fileRef = E008096B29F83D0900B1399C /* Photo.swift */; };
		E008096E29F83D4E00B1399C /* Place.swift in Sources */ = {isa = PBXBuildFile; fileRef = E008096D29F83D4E00B1399C /* Place.swift */; };
		E008097029F840A900B1399C /* LocationManager.swift in Sources */ = {isa = PBXBuildFile; fileRef = E008096F29F840A900B1399C /* LocationManager.swift */; };
		E008097229F840C100B1399C /* PlaceViewModel.swift in Sources */ = {isa = PBXBuildFile; fileRef = E008097129F840C100B1399C /* PlaceViewModel.swift */; };
		E008097429F8413200B1399C /* PlaceLookUpView.swift in Sources */ = {isa = PBXBuildFile; fileRef = E008097329F8413200B1399C /* PlaceLookUpView.swift */; };
		E008097729FA214D00B1399C /* PostView.swift in Sources */ = {isa = PBXBuildFile; fileRef = E008097629FA214D00B1399C /* PostView.swift */; };
		E0AB8F1B29FAE221004B08E1 /* PhotoView.swift in Sources */ = {isa = PBXBuildFile; fileRef = E0AB8F1A29FAE221004B08E1 /* PhotoView.swift */; };
/* End PBXBuildFile section */

/* Begin PBXFileReference section */
		E008092A29F496CB00B1399C /* SportsFinder.app */ = {isa = PBXFileReference; explicitFileType = wrapper.application; includeInIndex = 0; path = SportsFinder.app; sourceTree = BUILT_PRODUCTS_DIR; };
		E008092D29F496CB00B1399C /* SportsFinderApp.swift */ = {isa = PBXFileReference; lastKnownFileType = sourcecode.swift; path = SportsFinderApp.swift; sourceTree = "<group>"; };
		E008092F29F496CB00B1399C /* LoginView.swift */ = {isa = PBXFileReference; lastKnownFileType = sourcecode.swift; path = LoginView.swift; sourceTree = "<group>"; };
		E008093129F496CD00B1399C /* Assets.xcassets */ = {isa = PBXFileReference; lastKnownFileType = folder.assetcatalog; path = Assets.xcassets; sourceTree = "<group>"; };
		E008093429F496CD00B1399C /* Preview Assets.xcassets */ = {isa = PBXFileReference; lastKnownFileType = folder.assetcatalog; path = "Preview Assets.xcassets"; sourceTree = "<group>"; };
		E008093B29F4973300B1399C /* GoogleService-Info.plist */ = {isa = PBXFileReference; fileEncoding = 4; lastKnownFileType = text.plist.xml; path = "GoogleService-Info.plist"; sourceTree = "<group>"; };
		E008094629F4991900B1399C /* SportsListView.swift */ = {isa = PBXFileReference; lastKnownFileType = sourcecode.swift; path = SportsListView.swift; sourceTree = "<group>"; };
		E008094829F4998100B1399C /* PostListView.swift */ = {isa = PBXFileReference; lastKnownFileType = sourcecode.swift; path = PostListView.swift; sourceTree = "<group>"; };
		E008094A29F499A600B1399C /* NewPostView.swift */ = {isa = PBXFileReference; lastKnownFileType = sourcecode.swift; path = NewPostView.swift; sourceTree = "<group>"; };
		E008095229F49E4500B1399C /* Spot.swift */ = {isa = PBXFileReference; lastKnownFileType = sourcecode.swift; path = Spot.swift; sourceTree = "<group>"; };
		E008095429F4A45400B1399C /* Post.swift */ = {isa = PBXFileReference; lastKnownFileType = sourcecode.swift; path = Post.swift; sourceTree = "<group>"; };
		E008095629F4A4AA00B1399C /* PostViewModel.swift */ = {isa = PBXFileReference; lastKnownFileType = sourcecode.swift; path = PostViewModel.swift; sourceTree = "<group>"; };
		E008096729F780EC00B1399C /* DifficultyView.swift */ = {isa = PBXFileReference; lastKnownFileType = sourcecode.swift; path = DifficultyView.swift; sourceTree = "<group>"; };
		E008096929F83CCE00B1399C /* PhotoScrollView.swift */ = {isa = PBXFileReference; lastKnownFileType = sourcecode.swift; path = PhotoScrollView.swift; sourceTree = "<group>"; };
		E008096B29F83D0900B1399C /* Photo.swift */ = {isa = PBXFileReference; lastKnownFileType = sourcecode.swift; path = Photo.swift; sourceTree = "<group>"; };
		E008096D29F83D4E00B1399C /* Place.swift */ = {isa = PBXFileReference; lastKnownFileType = sourcecode.swift; path = Place.swift; sourceTree = "<group>"; };
		E008096F29F840A900B1399C /* LocationManager.swift */ = {isa = PBXFileReference; lastKnownFileType = sourcecode.swift; path = LocationManager.swift; sourceTree = "<group>"; };
		E008097129F840C100B1399C /* PlaceViewModel.swift */ = {isa = PBXFileReference; lastKnownFileType = sourcecode.swift; path = PlaceViewModel.swift; sourceTree = "<group>"; };
		E008097329F8413200B1399C /* PlaceLookUpView.swift */ = {isa = PBXFileReference; lastKnownFileType = sourcecode.swift; path = PlaceLookUpView.swift; sourceTree = "<group>"; };
		E008097529FA195800B1399C /* Info.plist */ = {isa = PBXFileReference; lastKnownFileType = text.plist; path = Info.plist; sourceTree = "<group>"; };
		E008097629FA214D00B1399C /* PostView.swift */ = {isa = PBXFileReference; lastKnownFileType = sourcecode.swift; path = PostView.swift; sourceTree = "<group>"; };
		E0AB8F1A29FAE221004B08E1 /* PhotoView.swift */ = {isa = PBXFileReference; lastKnownFileType = sourcecode.swift; path = PhotoView.swift; sourceTree = "<group>"; };
/* End PBXFileReference section */

/* Begin PBXFrameworksBuildPhase section */
		E008092729F496CB00B1399C /* Frameworks */ = {
			isa = PBXFrameworksBuildPhase;
			buildActionMask = 2147483647;
			files = (
				E008093F29F497C000B1399C /* FirebaseAuth in Frameworks */,
				E008094529F497C000B1399C /* FirebaseStorage in Frameworks */,
				E008094129F497C000B1399C /* FirebaseFirestore in Frameworks */,
				E008094329F497C000B1399C /* FirebaseFirestoreSwift in Frameworks */,
			);
			runOnlyForDeploymentPostprocessing = 0;
		};
/* End PBXFrameworksBuildPhase section */

/* Begin PBXGroup section */
		E008092129F496CB00B1399C = {
			isa = PBXGroup;
			children = (
				E008092C29F496CB00B1399C /* SportsFinder */,
				E008092B29F496CB00B1399C /* Products */,
			);
			sourceTree = "<group>";
		};
		E008092B29F496CB00B1399C /* Products */ = {
			isa = PBXGroup;
			children = (
				E008092A29F496CB00B1399C /* SportsFinder.app */,
			);
			name = Products;
			sourceTree = "<group>";
		};
		E008092C29F496CB00B1399C /* SportsFinder */ = {
			isa = PBXGroup;
			children = (
				E008097529FA195800B1399C /* Info.plist */,
				E008092D29F496CB00B1399C /* SportsFinderApp.swift */,
				E008094C29F49B5B00B1399C /* Views */,
				E008094D29F49B9500B1399C /* ViewModels */,
				E008094F29F49BAE00B1399C /* Models */,
				E008093B29F4973300B1399C /* GoogleService-Info.plist */,
				E008093129F496CD00B1399C /* Assets.xcassets */,
				E008093329F496CD00B1399C /* Preview Content */,
			);
			path = SportsFinder;
			sourceTree = "<group>";
		};
		E008093329F496CD00B1399C /* Preview Content */ = {
			isa = PBXGroup;
			children = (
				E008093429F496CD00B1399C /* Preview Assets.xcassets */,
			);
			path = "Preview Content";
			sourceTree = "<group>";
		};
		E008094C29F49B5B00B1399C /* Views */ = {
			isa = PBXGroup;
			children = (
				E008092F29F496CB00B1399C /* LoginView.swift */,
				E008094629F4991900B1399C /* SportsListView.swift */,
				E008094829F4998100B1399C /* PostListView.swift */,
				E008094A29F499A600B1399C /* NewPostView.swift */,
				E008097629FA214D00B1399C /* PostView.swift */,
				E008096929F83CCE00B1399C /* PhotoScrollView.swift */,
				E0AB8F1A29FAE221004B08E1 /* PhotoView.swift */,
				E008096729F780EC00B1399C /* DifficultyView.swift */,
				E008097329F8413200B1399C /* PlaceLookUpView.swift */,
			);
			path = Views;
			sourceTree = "<group>";
		};
		E008094D29F49B9500B1399C /* ViewModels */ = {
			isa = PBXGroup;
			children = (
				E008095629F4A4AA00B1399C /* PostViewModel.swift */,
				E008096F29F840A900B1399C /* LocationManager.swift */,
				E008097129F840C100B1399C /* PlaceViewModel.swift */,
			);
			path = ViewModels;
			sourceTree = "<group>";
		};
		E008094F29F49BAE00B1399C /* Models */ = {
			isa = PBXGroup;
			children = (
				E008095229F49E4500B1399C /* Spot.swift */,
				E008095429F4A45400B1399C /* Post.swift */,
				E008096B29F83D0900B1399C /* Photo.swift */,
				E008096D29F83D4E00B1399C /* Place.swift */,
			);
			path = Models;
			sourceTree = "<group>";
		};
/* End PBXGroup section */

/* Begin PBXNativeTarget section */
		E008092929F496CB00B1399C /* SportsFinder */ = {
			isa = PBXNativeTarget;
			buildConfigurationList = E008093829F496CD00B1399C /* Build configuration list for PBXNativeTarget "SportsFinder" */;
			buildPhases = (
				E008092629F496CB00B1399C /* Sources */,
				E008092729F496CB00B1399C /* Frameworks */,
				E008092829F496CB00B1399C /* Resources */,
			);
			buildRules = (
			);
			dependencies = (
			);
			name = SportsFinder;
			packageProductDependencies = (
				E008093E29F497C000B1399C /* FirebaseAuth */,
				E008094029F497C000B1399C /* FirebaseFirestore */,
				E008094229F497C000B1399C /* FirebaseFirestoreSwift */,
				E008094429F497C000B1399C /* FirebaseStorage */,
			);
			productName = SportsFinder;
			productReference = E008092A29F496CB00B1399C /* SportsFinder.app */;
			productType = "com.apple.product-type.application";
		};
/* End PBXNativeTarget section */

/* Begin PBXProject section */
		E008092229F496CB00B1399C /* Project object */ = {
			isa = PBXProject;
			attributes = {
				BuildIndependentTargetsInParallel = 1;
				LastSwiftUpdateCheck = 1430;
				LastUpgradeCheck = 1430;
				TargetAttributes = {
					E008092929F496CB00B1399C = {
						CreatedOnToolsVersion = 14.3;
					};
				};
			};
			buildConfigurationList = E008092529F496CB00B1399C /* Build configuration list for PBXProject "SportsFinder" */;
			compatibilityVersion = "Xcode 14.0";
			developmentRegion = en;
			hasScannedForEncodings = 0;
			knownRegions = (
				en,
				Base,
			);
			mainGroup = E008092129F496CB00B1399C;
			packageReferences = (
				E008093D29F497C000B1399C /* XCRemoteSwiftPackageReference "firebase-ios-sdk" */,
			);
			productRefGroup = E008092B29F496CB00B1399C /* Products */;
			projectDirPath = "";
			projectRoot = "";
			targets = (
				E008092929F496CB00B1399C /* SportsFinder */,
			);
		};
/* End PBXProject section */

/* Begin PBXResourcesBuildPhase section */
		E008092829F496CB00B1399C /* Resources */ = {
			isa = PBXResourcesBuildPhase;
			buildActionMask = 2147483647;
			files = (
				E008093529F496CD00B1399C /* Preview Assets.xcassets in Resources */,
				E008093229F496CD00B1399C /* Assets.xcassets in Resources */,
				E008093C29F4973300B1399C /* GoogleService-Info.plist in Resources */,
			);
			runOnlyForDeploymentPostprocessing = 0;
		};
/* End PBXResourcesBuildPhase section */

/* Begin PBXSourcesBuildPhase section */
		E008092629F496CB00B1399C /* Sources */ = {
			isa = PBXSourcesBuildPhase;
			buildActionMask = 2147483647;
			files = (
				E008096829F780EC00B1399C /* DifficultyView.swift in Sources */,
				E008094729F4991900B1399C /* SportsListView.swift in Sources */,
				E008093029F496CB00B1399C /* LoginView.swift in Sources */,
				E0AB8F1B29FAE221004B08E1 /* PhotoView.swift in Sources */,
				E008096E29F83D4E00B1399C /* Place.swift in Sources */,
				E008097429F8413200B1399C /* PlaceLookUpView.swift in Sources */,
				E008095529F4A45400B1399C /* Post.swift in Sources */,
				E008094929F4998100B1399C /* PostListView.swift in Sources */,
				E008094B29F499A600B1399C /* NewPostView.swift in Sources */,
				E008096A29F83CCE00B1399C /* PhotoScrollView.swift in Sources */,
				E008096C29F83D0900B1399C /* Photo.swift in Sources */,
				E008097729FA214D00B1399C /* PostView.swift in Sources */,
				E008095729F4A4AA00B1399C /* PostViewModel.swift in Sources */,
				E008097229F840C100B1399C /* PlaceViewModel.swift in Sources */,
				E008095329F49E4500B1399C /* Spot.swift in Sources */,
				E008092E29F496CB00B1399C /* SportsFinderApp.swift in Sources */,
				E008097029F840A900B1399C /* LocationManager.swift in Sources */,
			);
			runOnlyForDeploymentPostprocessing = 0;
		};
/* End PBXSourcesBuildPhase section */

/* Begin XCBuildConfiguration section */
		E008093629F496CD00B1399C /* Debug */ = {
			isa = XCBuildConfiguration;
			buildSettings = {
				ALWAYS_SEARCH_USER_PATHS = NO;
				CLANG_ANALYZER_NONNULL = YES;
				CLANG_ANALYZER_NUMBER_OBJECT_CONVERSION = YES_AGGRESSIVE;
				CLANG_CXX_LANGUAGE_STANDARD = "gnu++20";
				CLANG_ENABLE_MODULES = YES;
				CLANG_ENABLE_OBJC_ARC = YES;
				CLANG_ENABLE_OBJC_WEAK = YES;
				CLANG_WARN_BLOCK_CAPTURE_AUTORELEASING = YES;
				CLANG_WARN_BOOL_CONVERSION = YES;
				CLANG_WARN_COMMA = YES;
				CLANG_WARN_CONSTANT_CONVERSION = YES;
				CLANG_WARN_DEPRECATED_OBJC_IMPLEMENTATIONS = YES;
				CLANG_WARN_DIRECT_OBJC_ISA_USAGE = YES_ERROR;
				CLANG_WARN_DOCUMENTATION_COMMENTS = YES;
				CLANG_WARN_EMPTY_BODY = YES;
				CLANG_WARN_ENUM_CONVERSION = YES;
				CLANG_WARN_INFINITE_RECURSION = YES;
				CLANG_WARN_INT_CONVERSION = YES;
				CLANG_WARN_NON_LITERAL_NULL_CONVERSION = YES;
				CLANG_WARN_OBJC_IMPLICIT_RETAIN_SELF = YES;
				CLANG_WARN_OBJC_LITERAL_CONVERSION = YES;
				CLANG_WARN_OBJC_ROOT_CLASS = YES_ERROR;
				CLANG_WARN_QUOTED_INCLUDE_IN_FRAMEWORK_HEADER = YES;
				CLANG_WARN_RANGE_LOOP_ANALYSIS = YES;
				CLANG_WARN_STRICT_PROTOTYPES = YES;
				CLANG_WARN_SUSPICIOUS_MOVE = YES;
				CLANG_WARN_UNGUARDED_AVAILABILITY = YES_AGGRESSIVE;
				CLANG_WARN_UNREACHABLE_CODE = YES;
				CLANG_WARN__DUPLICATE_METHOD_MATCH = YES;
				COPY_PHASE_STRIP = NO;
				DEBUG_INFORMATION_FORMAT = dwarf;
				ENABLE_STRICT_OBJC_MSGSEND = YES;
				ENABLE_TESTABILITY = YES;
				GCC_C_LANGUAGE_STANDARD = gnu11;
				GCC_DYNAMIC_NO_PIC = NO;
				GCC_NO_COMMON_BLOCKS = YES;
				GCC_OPTIMIZATION_LEVEL = 0;
				GCC_PREPROCESSOR_DEFINITIONS = (
					"DEBUG=1",
					"$(inherited)",
				);
				GCC_WARN_64_TO_32_BIT_CONVERSION = YES;
				GCC_WARN_ABOUT_RETURN_TYPE = YES_ERROR;
				GCC_WARN_UNDECLARED_SELECTOR = YES;
				GCC_WARN_UNINITIALIZED_AUTOS = YES_AGGRESSIVE;
				GCC_WARN_UNUSED_FUNCTION = YES;
				GCC_WARN_UNUSED_VARIABLE = YES;
				IPHONEOS_DEPLOYMENT_TARGET = 16.4;
				MTL_ENABLE_DEBUG_INFO = INCLUDE_SOURCE;
				MTL_FAST_MATH = YES;
				ONLY_ACTIVE_ARCH = YES;
				SDKROOT = iphoneos;
				SWIFT_ACTIVE_COMPILATION_CONDITIONS = DEBUG;
				SWIFT_OPTIMIZATION_LEVEL = "-Onone";
			};
			name = Debug;
		};
		E008093729F496CD00B1399C /* Release */ = {
			isa = XCBuildConfiguration;
			buildSettings = {
				ALWAYS_SEARCH_USER_PATHS = NO;
				CLANG_ANALYZER_NONNULL = YES;
				CLANG_ANALYZER_NUMBER_OBJECT_CONVERSION = YES_AGGRESSIVE;
				CLANG_CXX_LANGUAGE_STANDARD = "gnu++20";
				CLANG_ENABLE_MODULES = YES;
				CLANG_ENABLE_OBJC_ARC = YES;
				CLANG_ENABLE_OBJC_WEAK = YES;
				CLANG_WARN_BLOCK_CAPTURE_AUTORELEASING = YES;
				CLANG_WARN_BOOL_CONVERSION = YES;
				CLANG_WARN_COMMA = YES;
				CLANG_WARN_CONSTANT_CONVERSION = YES;
				CLANG_WARN_DEPRECATED_OBJC_IMPLEMENTATIONS = YES;
				CLANG_WARN_DIRECT_OBJC_ISA_USAGE = YES_ERROR;
				CLANG_WARN_DOCUMENTATION_COMMENTS = YES;
				CLANG_WARN_EMPTY_BODY = YES;
				CLANG_WARN_ENUM_CONVERSION = YES;
				CLANG_WARN_INFINITE_RECURSION = YES;
				CLANG_WARN_INT_CONVERSION = YES;
				CLANG_WARN_NON_LITERAL_NULL_CONVERSION = YES;
				CLANG_WARN_OBJC_IMPLICIT_RETAIN_SELF = YES;
				CLANG_WARN_OBJC_LITERAL_CONVERSION = YES;
				CLANG_WARN_OBJC_ROOT_CLASS = YES_ERROR;
				CLANG_WARN_QUOTED_INCLUDE_IN_FRAMEWORK_HEADER = YES;
				CLANG_WARN_RANGE_LOOP_ANALYSIS = YES;
				CLANG_WARN_STRICT_PROTOTYPES = YES;
				CLANG_WARN_SUSPICIOUS_MOVE = YES;
				CLANG_WARN_UNGUARDED_AVAILABILITY = YES_AGGRESSIVE;
				CLANG_WARN_UNREACHABLE_CODE = YES;
				CLANG_WARN__DUPLICATE_METHOD_MATCH = YES;
				COPY_PHASE_STRIP = NO;
				DEBUG_INFORMATION_FORMAT = "dwarf-with-dsym";
				ENABLE_NS_ASSERTIONS = NO;
				ENABLE_STRICT_OBJC_MSGSEND = YES;
				GCC_C_LANGUAGE_STANDARD = gnu11;
				GCC_NO_COMMON_BLOCKS = YES;
				GCC_WARN_64_TO_32_BIT_CONVERSION = YES;
				GCC_WARN_ABOUT_RETURN_TYPE = YES_ERROR;
				GCC_WARN_UNDECLARED_SELECTOR = YES;
				GCC_WARN_UNINITIALIZED_AUTOS = YES_AGGRESSIVE;
				GCC_WARN_UNUSED_FUNCTION = YES;
				GCC_WARN_UNUSED_VARIABLE = YES;
				IPHONEOS_DEPLOYMENT_TARGET = 16.4;
				MTL_ENABLE_DEBUG_INFO = NO;
				MTL_FAST_MATH = YES;
				SDKROOT = iphoneos;
				SWIFT_COMPILATION_MODE = wholemodule;
				SWIFT_OPTIMIZATION_LEVEL = "-O";
				VALIDATE_PRODUCT = YES;
			};
			name = Release;
		};
		E008093929F496CD00B1399C /* Debug */ = {
			isa = XCBuildConfiguration;
			buildSettings = {
				ASSETCATALOG_COMPILER_APPICON_NAME = AppIcon;
				ASSETCATALOG_COMPILER_GLOBAL_ACCENT_COLOR_NAME = AccentColor;
				CODE_SIGN_STYLE = Automatic;
				CURRENT_PROJECT_VERSION = 1;
				DEVELOPMENT_ASSET_PATHS = "\"SportsFinder/Preview Content\"";
				DEVELOPMENT_TEAM = V746GNHBX7;
				ENABLE_PREVIEWS = YES;
				GENERATE_INFOPLIST_FILE = YES;
				INFOPLIST_FILE = SportsFinder/Info.plist;
				INFOPLIST_KEY_NSLocationAlwaysAndWhenInUseUsageDescription = "This app requires access to the devices location";
				INFOPLIST_KEY_NSLocationWhenInUseUsageDescription = "This app requires access to the devices location";
				INFOPLIST_KEY_UIApplicationSceneManifest_Generation = YES;
				INFOPLIST_KEY_UIApplicationSupportsIndirectInputEvents = YES;
				INFOPLIST_KEY_UISupportedInterfaceOrientations_iPad = "UIInterfaceOrientationPortrait UIInterfaceOrientationPortraitUpsideDown UIInterfaceOrientationLandscapeLeft UIInterfaceOrientationLandscapeRight";
				INFOPLIST_KEY_UISupportedInterfaceOrientations_iPhone = "UIInterfaceOrientationPortrait UIInterfaceOrientationLandscapeLeft UIInterfaceOrientationLandscapeRight";
				LD_RUNPATH_SEARCH_PATHS = (
					"$(inherited)",
					"@executable_path/Frameworks",
				);
				MARKETING_VERSION = 1.0;
				PRODUCT_BUNDLE_IDENTIFIER = com.Kennedy.SportsFinder;
				PRODUCT_NAME = "$(TARGET_NAME)";
				SWIFT_EMIT_LOC_STRINGS = YES;
				SWIFT_VERSION = 5.0;
				TARGETED_DEVICE_FAMILY = "1,2";
			};
			name = Debug;
		};
		E008093A29F496CD00B1399C /* Release */ = {
			isa = XCBuildConfiguration;
			buildSettings = {
				ASSETCATALOG_COMPILER_APPICON_NAME = AppIcon;
				ASSETCATALOG_COMPILER_GLOBAL_ACCENT_COLOR_NAME = AccentColor;
				CODE_SIGN_STYLE = Automatic;
				CURRENT_PROJECT_VERSION = 1;
				DEVELOPMENT_ASSET_PATHS = "\"SportsFinder/Preview Content\"";
				DEVELOPMENT_TEAM = V746GNHBX7;
				ENABLE_PREVIEWS = YES;
				GENERATE_INFOPLIST_FILE = YES;
				INFOPLIST_FILE = SportsFinder/Info.plist;
				INFOPLIST_KEY_NSLocationAlwaysAndWhenInUseUsageDescription = "This app requires access to the devices location";
				INFOPLIST_KEY_NSLocationWhenInUseUsageDescription = "This app requires access to the devices location";
				INFOPLIST_KEY_UIApplicationSceneManifest_Generation = YES;
				INFOPLIST_KEY_UIApplicationSupportsIndirectInputEvents = YES;
				INFOPLIST_KEY_UISupportedInterfaceOrientations_iPad = "UIInterfaceOrientationPortrait UIInterfaceOrientationPortraitUpsideDown UIInterfaceOrientationLandscapeLeft UIInterfaceOrientationLandscapeRight";
				INFOPLIST_KEY_UISupportedInterfaceOrientations_iPhone = "UIInterfaceOrientationPortrait UIInterfaceOrientationLandscapeLeft UIInterfaceOrientationLandscapeRight";
				LD_RUNPATH_SEARCH_PATHS = (
					"$(inherited)",
					"@executable_path/Frameworks",
				);
				MARKETING_VERSION = 1.0;
				PRODUCT_BUNDLE_IDENTIFIER = com.Kennedy.SportsFinder;
				PRODUCT_NAME = "$(TARGET_NAME)";
				SWIFT_EMIT_LOC_STRINGS = YES;
				SWIFT_VERSION = 5.0;
				TARGETED_DEVICE_FAMILY = "1,2";
			};
			name = Release;
		};
/* End XCBuildConfiguration section */

/* Begin XCConfigurationList section */
		E008092529F496CB00B1399C /* Build configuration list for PBXProject "SportsFinder" */ = {
			isa = XCConfigurationList;
			buildConfigurations = (
				E008093629F496CD00B1399C /* Debug */,
				E008093729F496CD00B1399C /* Release */,
			);
			defaultConfigurationIsVisible = 0;
			defaultConfigurationName = Release;
		};
		E008093829F496CD00B1399C /* Build configuration list for PBXNativeTarget "SportsFinder" */ = {
			isa = XCConfigurationList;
			buildConfigurations = (
				E008093929F496CD00B1399C /* Debug */,
				E008093A29F496CD00B1399C /* Release */,
			);
			defaultConfigurationIsVisible = 0;
			defaultConfigurationName = Release;
		};
/* End XCConfigurationList section */

/* Begin XCRemoteSwiftPackageReference section */
		E008093D29F497C000B1399C /* XCRemoteSwiftPackageReference "firebase-ios-sdk" */ = {
			isa = XCRemoteSwiftPackageReference;
			repositoryURL = "https://github.com/firebase/firebase-ios-sdk.git";
			requirement = {
				kind = upToNextMajorVersion;
				minimumVersion = 10.0.0;
			};
		};
/* End XCRemoteSwiftPackageReference section */

/* Begin XCSwiftPackageProductDependency section */
		E008093E29F497C000B1399C /* FirebaseAuth */ = {
			isa = XCSwiftPackageProductDependency;
			package = E008093D29F497C000B1399C /* XCRemoteSwiftPackageReference "firebase-ios-sdk" */;
			productName = FirebaseAuth;
		};
		E008094029F497C000B1399C /* FirebaseFirestore */ = {
			isa = XCSwiftPackageProductDependency;
			package = E008093D29F497C000B1399C /* XCRemoteSwiftPackageReference "firebase-ios-sdk" */;
			productName = FirebaseFirestore;
		};
		E008094229F497C000B1399C /* FirebaseFirestoreSwift */ = {
			isa = XCSwiftPackageProductDependency;
			package = E008093D29F497C000B1399C /* XCRemoteSwiftPackageReference "firebase-ios-sdk" */;
			productName = FirebaseFirestoreSwift;
		};
		E008094429F497C000B1399C /* FirebaseStorage */ = {
			isa = XCSwiftPackageProductDependency;
			package = E008093D29F497C000B1399C /* XCRemoteSwiftPackageReference "firebase-ios-sdk" */;
			productName = FirebaseStorage;
		};
/* End XCSwiftPackageProductDependency section */
	};
	rootObject = E008092229F496CB00B1399C /* Project object */;
}
